
Microsoft Visual Studio Solution File, Format Version 12.00
# Visual Studio Version 17
VisualStudioVersion = 17.0.31903.59
MinimumVisualStudioVersion = 10.0.40219.1
Project("{FAE04EC0-301F-11D3-BF4B-00C04F79EFBC}") = "MyApp", "MyApp\MyApp.csproj", "{BAFD2FC5-DAA3-47D1-945A-5A5597E514D8}"
EndProject
Project("{FAE04EC0-301F-11D3-BF4B-00C04F79EFBC}") = "MyApp.Tests", "MyApp.Tests\MyApp.Tests.csproj", "{65835EFB-014B-4F93-BB9E-10F04701685A}"
EndProject
Global
	GlobalSection(SolutionConfigurationPlatforms) = preSolution
		Debug|Any CPU = Debug|Any CPU
		Release|Any CPU = Release|Any CPU
	EndGlobalSection
	GlobalSection(SolutionProperties) = preSolution
		HideSolutionNode = FALSE
	EndGlobalSection
	GlobalSection(ProjectConfigurationPlatforms) = postSolution
		{BAFD2FC5-DAA3-47D1-945A-5A5597E514D8}.Debug|Any CPU.ActiveCfg = Debug|Any CPU
		{BAFD2FC5-DAA3-47D1-945A-5A5597E514D8}.Debug|Any CPU.Build.0 = Debug|Any CPU
		{BAFD2FC5-DAA3-47D1-945A-5A5597E514D8}.Release|Any CPU.ActiveCfg = Release|Any CPU
		{BAFD2FC5-DAA3-47D1-945A-5A5597E514D8}.Release|Any CPU.Build.0 = Release|Any CPU
		{65835EFB-014B-4F93-BB9E-10F04701685A}.Debug|Any CPU.ActiveCfg = Debug|Any CPU
		{65835EFB-014B-4F93-BB9E-10F04701685A}.Debug|Any CPU.Build.0 = Debug|Any CPU
		{65835EFB-014B-4F93-BB9E-10F04701685A}.Release|Any CPU.ActiveCfg = Release|Any CPU
		{65835EFB-014B-4F93-BB9E-10F04701685A}.Release|Any CPU.Build.0 = Release|Any CPU
	EndGlobalSection
EndGlobal
